
Microsoft Visual Studio Solution File, Format Version 12.00
# Visual Studio 15
VisualStudioVersion = 15.0.26430.6
MinimumVisualStudioVersion = 10.0.40219.1
Project("{2150E333-8FDC-42A3-9474-1A3956D46DE8}") = ".paket", ".paket", "{23C2D96D-0516-45D0-919F-1F42BF31D35E}"
	ProjectSection(SolutionItems) = preProject
		paket.dependencies = paket.dependencies
	EndProjectSection
EndProject
Project("{F2A71F9B-5D33-465A-A702-920D77279786}") = "Docopt.fs", "src\Docopt\docopt.fsproj", "{5F57DFD7-568B-4521-9DB5-0E67223ABB6B}"
EndProject
Global
	GlobalSection(SolutionConfigurationPlatforms) = preSolution
		Debug|Any CPU = Debug|Any CPU
		Release|Any CPU = Release|Any CPU
	EndGlobalSection
	GlobalSection(ProjectConfigurationPlatforms) = postSolution
		{5F57DFD7-568B-4521-9DB5-0E67223ABB6B}.Debug|Any CPU.ActiveCfg = Debug|Any CPU
		{5F57DFD7-568B-4521-9DB5-0E67223ABB6B}.Debug|Any CPU.Build.0 = Debug|Any CPU
		{5F57DFD7-568B-4521-9DB5-0E67223ABB6B}.Release|Any CPU.ActiveCfg = Release|Any CPU
		{5F57DFD7-568B-4521-9DB5-0E67223ABB6B}.Release|Any CPU.Build.0 = Release|Any CPU
	EndGlobalSection
	GlobalSection(SolutionProperties) = preSolution
		HideSolutionNode = FALSE
	EndGlobalSection
EndGlobal
