
Microsoft Visual Studio Solution File, Format Version 12.00
# Visual Studio 15
VisualStudioVersion = 15.0.26430.6
MinimumVisualStudioVersion = 10.0.40219.1
Project("{2150E333-8FDC-42A3-9474-1A3956D46DE8}") = ".paket", ".paket", "{E2E1846B-624F-4BA8-B1D5-3B2EA51E758E}"
	ProjectSection(SolutionItems) = preProject
		paket.dependencies = paket.dependencies
	EndProjectSection
EndProject
Project("{F2A71F9B-5D33-465A-A702-920D77279786}") = "Docopt.fs", "Projects\Docopt.fs\Docopt.fs.fsproj", "{93A5D3C5-5CF7-483C-B09F-B540C2B54B22}"
EndProject
Global
	GlobalSection(SolutionConfigurationPlatforms) = preSolution
		Debug|Any CPU = Debug|Any CPU
		Release|Any CPU = Release|Any CPU
	EndGlobalSection
	GlobalSection(ProjectConfigurationPlatforms) = postSolution
		{93A5D3C5-5CF7-483C-B09F-B540C2B54B22}.Debug|Any CPU.ActiveCfg = Debug|Any CPU
		{93A5D3C5-5CF7-483C-B09F-B540C2B54B22}.Debug|Any CPU.Build.0 = Debug|Any CPU
		{93A5D3C5-5CF7-483C-B09F-B540C2B54B22}.Release|Any CPU.ActiveCfg = Release|Any CPU
		{93A5D3C5-5CF7-483C-B09F-B540C2B54B22}.Release|Any CPU.Build.0 = Release|Any CPU
	EndGlobalSection
	GlobalSection(SolutionProperties) = preSolution
		HideSolutionNode = FALSE
	EndGlobalSection
EndGlobal
